
Microsoft Visual Studio Solution File, Format Version 12.00
# Visual Studio 2012
Project("{FAE04EC0-301F-11D3-BF4B-00C04F79EFBC}") = "Dynamix.Tests", "Dynamix.Tests\Dynamix.Tests.csproj", "{87418ACA-5E0F-4BB1-851D-DA08AAA41EBD}"
EndProject
Project("{FAE04EC0-301F-11D3-BF4B-00C04F79EFBC}") = "Dynamix", "Dynamix\Dynamix.csproj", "{A88E0F26-DC10-45EA-8CE6-2EC26D0C81FD}"
EndProject
Global
	GlobalSection(SolutionConfigurationPlatforms) = preSolution
		Debug|Any CPU = Debug|Any CPU
		Release|Any CPU = Release|Any CPU
	EndGlobalSection
	GlobalSection(ProjectConfigurationPlatforms) = postSolution
		{87418ACA-5E0F-4BB1-851D-DA08AAA41EBD}.Debug|Any CPU.ActiveCfg = Debug|Any CPU
		{87418ACA-5E0F-4BB1-851D-DA08AAA41EBD}.Debug|Any CPU.Build.0 = Debug|Any CPU
		{87418ACA-5E0F-4BB1-851D-DA08AAA41EBD}.Release|Any CPU.ActiveCfg = Release|Any CPU
		{87418ACA-5E0F-4BB1-851D-DA08AAA41EBD}.Release|Any CPU.Build.0 = Release|Any CPU
		{A88E0F26-DC10-45EA-8CE6-2EC26D0C81FD}.Debug|Any CPU.ActiveCfg = Debug|Any CPU
		{A88E0F26-DC10-45EA-8CE6-2EC26D0C81FD}.Debug|Any CPU.Build.0 = Debug|Any CPU
		{A88E0F26-DC10-45EA-8CE6-2EC26D0C81FD}.Release|Any CPU.ActiveCfg = Release|Any CPU
		{A88E0F26-DC10-45EA-8CE6-2EC26D0C81FD}.Release|Any CPU.Build.0 = Release|Any CPU
	EndGlobalSection
	GlobalSection(SolutionProperties) = preSolution
		HideSolutionNode = FALSE
	EndGlobalSection
EndGlobal
